
Microsoft Visual Studio Solution File, Format Version 12.00
# Visual Studio 14
VisualStudioVersion = 14.0.25420.1
MinimumVisualStudioVersion = 10.0.40219.1
Project("{FAE04EC0-301F-11D3-BF4B-00C04F79EFBC}") = "newerpsystem", "newerpsystem\newerpsystem.csproj", "{4D6FA5C1-B0A1-4B43-96BE-5C8D0800B670}"
EndProject
Project("{6141683F-8A12-4E36-9623-2EB02B2C2303}") = "ERP-Setup", "ERP-Setup\ERP-Setup.isproj", "{B01ECE13-B99D-4EE2-9CD8-8AB063B85D4B}"
EndProject
Global
	GlobalSection(SolutionConfigurationPlatforms) = preSolution
		CD_ROM|Any CPU = CD_ROM|Any CPU
		Debug|Any CPU = Debug|Any CPU
		DVD-5|Any CPU = DVD-5|Any CPU
		Release|Any CPU = Release|Any CPU
		SingleImage|Any CPU = SingleImage|Any CPU
	EndGlobalSection
	GlobalSection(ProjectConfigurationPlatforms) = postSolution
		{4D6FA5C1-B0A1-4B43-96BE-5C8D0800B670}.CD_ROM|Any CPU.ActiveCfg = Release|Any CPU
		{4D6FA5C1-B0A1-4B43-96BE-5C8D0800B670}.CD_ROM|Any CPU.Build.0 = Release|Any CPU
		{4D6FA5C1-B0A1-4B43-96BE-5C8D0800B670}.Debug|Any CPU.ActiveCfg = Debug|Any CPU
		{4D6FA5C1-B0A1-4B43-96BE-5C8D0800B670}.Debug|Any CPU.Build.0 = Debug|Any CPU
		{4D6FA5C1-B0A1-4B43-96BE-5C8D0800B670}.DVD-5|Any CPU.ActiveCfg = Debug|Any CPU
		{4D6FA5C1-B0A1-4B43-96BE-5C8D0800B670}.DVD-5|Any CPU.Build.0 = Debug|Any CPU
		{4D6FA5C1-B0A1-4B43-96BE-5C8D0800B670}.Release|Any CPU.ActiveCfg = Release|Any CPU
		{4D6FA5C1-B0A1-4B43-96BE-5C8D0800B670}.Release|Any CPU.Build.0 = Release|Any CPU
		{4D6FA5C1-B0A1-4B43-96BE-5C8D0800B670}.SingleImage|Any CPU.ActiveCfg = Release|Any CPU
		{4D6FA5C1-B0A1-4B43-96BE-5C8D0800B670}.SingleImage|Any CPU.Build.0 = Release|Any CPU
		{B01ECE13-B99D-4EE2-9CD8-8AB063B85D4B}.CD_ROM|Any CPU.ActiveCfg = CD_ROM
		{B01ECE13-B99D-4EE2-9CD8-8AB063B85D4B}.CD_ROM|Any CPU.Build.0 = CD_ROM
		{B01ECE13-B99D-4EE2-9CD8-8AB063B85D4B}.Debug|Any CPU.ActiveCfg = DVD-5
		{B01ECE13-B99D-4EE2-9CD8-8AB063B85D4B}.Debug|Any CPU.Build.0 = DVD-5
		{B01ECE13-B99D-4EE2-9CD8-8AB063B85D4B}.DVD-5|Any CPU.ActiveCfg = DVD-5
		{B01ECE13-B99D-4EE2-9CD8-8AB063B85D4B}.DVD-5|Any CPU.Build.0 = DVD-5
		{B01ECE13-B99D-4EE2-9CD8-8AB063B85D4B}.Release|Any CPU.ActiveCfg = SingleImage
		{B01ECE13-B99D-4EE2-9CD8-8AB063B85D4B}.Release|Any CPU.Build.0 = SingleImage
		{B01ECE13-B99D-4EE2-9CD8-8AB063B85D4B}.SingleImage|Any CPU.ActiveCfg = SingleImage
		{B01ECE13-B99D-4EE2-9CD8-8AB063B85D4B}.SingleImage|Any CPU.Build.0 = SingleImage
	EndGlobalSection
	GlobalSection(SolutionProperties) = preSolution
		HideSolutionNode = FALSE
	EndGlobalSection
EndGlobal
